
Microsoft Visual Studio Solution File, Format Version 12.00
# Visual Studio Version 17
VisualStudioVersion = 17.11.35219.272
MinimumVisualStudioVersion = 10.0.40219.1
Project("{FAE04EC0-301F-11D3-BF4B-00C04F79EFBC}") = "WPF_DependencyProperties", "WPF_DependencyProperties.csproj", "{BC8C592B-45D1-4F40-938E-4CDD1110255D}"
EndProject
Global
	GlobalSection(SolutionConfigurationPlatforms) = preSolution
		Debug|Any CPU = Debug|Any CPU
		Release|Any CPU = Release|Any CPU
	EndGlobalSection
	GlobalSection(ProjectConfigurationPlatforms) = postSolution
		{BC8C592B-45D1-4F40-938E-4CDD1110255D}.Debug|Any CPU.ActiveCfg = Debug|Any CPU
		{BC8C592B-45D1-4F40-938E-4CDD1110255D}.Debug|Any CPU.Build.0 = Debug|Any CPU
		{BC8C592B-45D1-4F40-938E-4CDD1110255D}.Release|Any CPU.ActiveCfg = Release|Any CPU
		{BC8C592B-45D1-4F40-938E-4CDD1110255D}.Release|Any CPU.Build.0 = Release|Any CPU
	EndGlobalSection
	GlobalSection(SolutionProperties) = preSolution
		HideSolutionNode = FALSE
	EndGlobalSection
	GlobalSection(ExtensibilityGlobals) = postSolution
		SolutionGuid = {5E48EF41-A44B-4196-9DEC-97D2BA5C14A1}
	EndGlobalSection
EndGlobal
